
Microsoft Visual Studio Solution File, Format Version 12.00
# Visual Studio Version 16
VisualStudioVersion = 16.0.31729.503
MinimumVisualStudioVersion = 10.0.40219.1
Project("{FAE04EC0-301F-11D3-BF4B-00C04F79EFBC}") = "Loja.API", "Loja.API\Loja.API.csproj", "{BFE36485-16F6-41BB-A5BF-37663303B060}"
EndProject
Global
	GlobalSection(SolutionConfigurationPlatforms) = preSolution
		Debug|Any CPU = Debug|Any CPU
		Release|Any CPU = Release|Any CPU
	EndGlobalSection
	GlobalSection(ProjectConfigurationPlatforms) = postSolution
		{BFE36485-16F6-41BB-A5BF-37663303B060}.Debug|Any CPU.ActiveCfg = Debug|Any CPU
		{BFE36485-16F6-41BB-A5BF-37663303B060}.Debug|Any CPU.Build.0 = Debug|Any CPU
		{BFE36485-16F6-41BB-A5BF-37663303B060}.Release|Any CPU.ActiveCfg = Release|Any CPU
		{BFE36485-16F6-41BB-A5BF-37663303B060}.Release|Any CPU.Build.0 = Release|Any CPU
	EndGlobalSection
	GlobalSection(SolutionProperties) = preSolution
		HideSolutionNode = FALSE
	EndGlobalSection
	GlobalSection(ExtensibilityGlobals) = postSolution
		SolutionGuid = {A4B9B4CA-D088-49EA-AF9B-4DE4E2B8751A}
	EndGlobalSection
EndGlobal
